
Microsoft Visual Studio Solution File, Format Version 12.00
# Visual Studio Version 17
VisualStudioVersion = 17.11.35222.181
MinimumVisualStudioVersion = 10.0.40219.1
Project("{9A19103F-16F7-4668-BE54-9A1E7A4F7556}") = "PrinterSettingsTool", "PrinterSettingsTool.csproj", "{BC55E65A-4601-41FF-8FEE-83278947FCE1}"
EndProject
Global
	GlobalSection(SolutionConfigurationPlatforms) = preSolution
		Debug|Any CPU = Debug|Any CPU
		Release|Any CPU = Release|Any CPU
	EndGlobalSection
	GlobalSection(ProjectConfigurationPlatforms) = postSolution
		{BC55E65A-4601-41FF-8FEE-83278947FCE1}.Debug|Any CPU.ActiveCfg = Debug|Any CPU
		{BC55E65A-4601-41FF-8FEE-83278947FCE1}.Debug|Any CPU.Build.0 = Debug|Any CPU
		{BC55E65A-4601-41FF-8FEE-83278947FCE1}.Release|Any CPU.ActiveCfg = Release|Any CPU
		{BC55E65A-4601-41FF-8FEE-83278947FCE1}.Release|Any CPU.Build.0 = Release|Any CPU
	EndGlobalSection
	GlobalSection(SolutionProperties) = preSolution
		HideSolutionNode = FALSE
	EndGlobalSection
	GlobalSection(ExtensibilityGlobals) = postSolution
		SolutionGuid = {37F2571B-748F-4CFB-A19D-C468681C0C83}
	EndGlobalSection
EndGlobal
